<?xml version="1.0" encoding="utf-8"?>
<Project ToolsVersion="4.0" xmlns="http://schemas.microsoft.com/developer/msbuild/2003">
  <ItemGroup>
    <None Include="Modules\cl.js" />
    <None Include="Modules\console.js" />
    <None Include="Modules\datetime.js" />
    <None Include="Modules\display.js" />
    <None Include="Modules\fs.js" />
    <None Include="Modules\gl.js" />
    <None Include="Modules\http.js" />
    <None Include="Modules\maths.js" />
    <None Include="Modules\system.js" />
  </ItemGroup>
</Project>